
Microsoft Visual Studio Solution File, Format Version 12.00
# Visual Studio Version 17
VisualStudioVersion = 17.14.36705.20
MinimumVisualStudioVersion = 10.0.40219.1
Project("{FAE04EC0-301F-11D3-BF4B-00C04F79EFBC}") = "gestion_futbolistica_backend", "gestion_futbolistica_backend\gestion_futbolistica_backend.csproj", "{6F7E9583-4319-470C-AD41-8ED085F83466}"
EndProject
Global
	GlobalSection(SolutionConfigurationPlatforms) = preSolution
		Debug|Any CPU = Debug|Any CPU
		Release|Any CPU = Release|Any CPU
	EndGlobalSection
	GlobalSection(ProjectConfigurationPlatforms) = postSolution
		{6F7E9583-4319-470C-AD41-8ED085F83466}.Debug|Any CPU.ActiveCfg = Debug|Any CPU
		{6F7E9583-4319-470C-AD41-8ED085F83466}.Debug|Any CPU.Build.0 = Debug|Any CPU
		{6F7E9583-4319-470C-AD41-8ED085F83466}.Release|Any CPU.ActiveCfg = Release|Any CPU
		{6F7E9583-4319-470C-AD41-8ED085F83466}.Release|Any CPU.Build.0 = Release|Any CPU
	EndGlobalSection
	GlobalSection(SolutionProperties) = preSolution
		HideSolutionNode = FALSE
	EndGlobalSection
	GlobalSection(ExtensibilityGlobals) = postSolution
		SolutionGuid = {793F995F-EA3F-4AFD-9B87-47D513C73340}
	EndGlobalSection
EndGlobal
